// !$*UTF8*$!
{
	archiveVersion = 1;
	classes = {
	};
	objectVersion = 77;
	objects = {

/* Begin PBXBuildFile section */
		1425E85D2F62DF77009A38B0 /* AppInfo in Frameworks */ = {isa = PBXBuildFile; productRef = 1425E85C2F62DF77009A38B0 /* AppInfo */; };
		1425EA302F644A84009A38B0 /* GRDB in Frameworks */ = {isa = PBXBuildFile; productRef = 1425EA2F2F644A84009A38B0 /* GRDB */; };
		148639B52F6649920029C2BA /* WebRTC in Frameworks */ = {isa = PBXBuildFile; productRef = 14A0BC022F75000000AA3002 /* WebRTC */; };
		14A5B8432F5D305000758F69 /* SwiftGitX in Frameworks */ = {isa = PBXBuildFile; productRef = 14C0A0022F5CC00000AA1001 /* SwiftGitX */; };
		14A5BA102F5D65D200758F69 /* Markdown in Frameworks */ = {isa = PBXBuildFile; productRef = 14D0MD022F5D000000AA2002 /* Markdown */; };
		14B7E4342F5A8AB200BB3324 /* Runestone in Frameworks */ = {isa = PBXBuildFile; productRef = 14B7E4332F5A8AB200BB3324 /* Runestone */; };
		14B7E5442F5AB2C100BB3324 /* TreeSitterJavaScriptRunestone in Frameworks */ = {isa = PBXBuildFile; productRef = 14B7E54A2F5AB2C100BB3324 /* TreeSitterJavaScriptRunestone */; };
		14B7E5452F5AB2C100BB3324 /* TreeSitterTypeScriptRunestone in Frameworks */ = {isa = PBXBuildFile; productRef = 14B7E54B2F5AB2C100BB3324 /* TreeSitterTypeScriptRunestone */; };
		14B7E5462F5AB2C100BB3324 /* TreeSitterTSXRunestone in Frameworks */ = {isa = PBXBuildFile; productRef = 14B7E54C2F5AB2C100BB3324 /* TreeSitterTSXRunestone */; };
		14B7E5472F5AB2C100BB3324 /* TreeSitterJSONRunestone in Frameworks */ = {isa = PBXBuildFile; productRef = 14B7E54D2F5AB2C100BB3324 /* TreeSitterJSONRunestone */; };
		14B7E5482F5AB2C100BB3324 /* TreeSitterHTMLRunestone in Frameworks */ = {isa = PBXBuildFile; productRef = 14B7E54E2F5AB2C100BB3324 /* TreeSitterHTMLRunestone */; };
		14B7E5492F5AB2C100BB3324 /* TreeSitterCSSRunestone in Frameworks */ = {isa = PBXBuildFile; productRef = 14B7E54F2F5AB2C100BB3324 /* TreeSitterCSSRunestone */; };
		14B7E5612F5AB2C100BB3324 /* TreeSitterMarkdownRunestone in Frameworks */ = {isa = PBXBuildFile; productRef = 14B7E5602F5AB2C100BB3324 /* TreeSitterMarkdownRunestone */; };
		14B7E5622F5AB2C100BB3324 /* TreeSitterSwiftRunestone in Frameworks */ = {isa = PBXBuildFile; productRef = 14B7E5632F5AB2C100BB3324 /* TreeSitterSwiftRunestone */; };
		337080BA27868A1192D105F8 /* Foundation.framework in Frameworks */ = {isa = PBXBuildFile; fileRef = D1965CC88DACDE03D200C85F /* Foundation.framework */; };
		D0FDB1234567890B /* DoufuDbAPITests.swift in Sources */ = {isa = PBXBuildFile; fileRef = D0FDB1234567890A /* DoufuDbAPITests.swift */; };
		E82F6FE04B4364C8645479E1 /* IndexedDBShimTests.swift in Sources */ = {isa = PBXBuildFile; fileRef = 1FACF42D50224C986996F5C7 /* IndexedDBShimTests.swift */; };
/* End PBXBuildFile section */

/* Begin PBXContainerItemProxy section */
		395F1F11EBC554CBD83B5F5F /* PBXContainerItemProxy */ = {
			isa = PBXContainerItemProxy;
			containerPortal = 450D41D82F40B7430025E0BB /* Project object */;
			proxyType = 1;
			remoteGlobalIDString = 450D41DF2F40B7430025E0BB;
			remoteInfo = Doufu;
		};
/* End PBXContainerItemProxy section */

/* Begin PBXFileReference section */
		1FACF42D50224C986996F5C7 /* IndexedDBShimTests.swift */ = {isa = PBXFileReference; includeInIndex = 1; lastKnownFileType = sourcecode.swift; path = IndexedDBShimTests.swift; sourceTree = "<group>"; };
		450D41E02F40B7430025E0BB /* Doufu.app */ = {isa = PBXFileReference; explicitFileType = wrapper.application; includeInIndex = 0; path = Doufu.app; sourceTree = BUILT_PRODUCTS_DIR; };
		CFB4F7CBB440E654D0D8A993 /* DoufuTests.xctest */ = {isa = PBXFileReference; explicitFileType = wrapper.cfbundle; includeInIndex = 0; path = DoufuTests.xctest; sourceTree = BUILT_PRODUCTS_DIR; };
		D0FDB1234567890A /* DoufuDbAPITests.swift */ = {isa = PBXFileReference; includeInIndex = 1; lastKnownFileType = sourcecode.swift; path = DoufuDbAPITests.swift; sourceTree = "<group>"; };
		D1965CC88DACDE03D200C85F /* Foundation.framework */ = {isa = PBXFileReference; lastKnownFileType = wrapper.framework; name = Foundation.framework; path = Platforms/iPhoneOS.platform/Developer/SDKs/iPhoneOS18.0.sdk/System/Library/Frameworks/Foundation.framework; sourceTree = DEVELOPER_DIR; };
/* End PBXFileReference section */

/* Begin PBXFileSystemSynchronizedBuildFileExceptionSet section */
		450D41F22F40B7440025E0BB /* Exceptions for "Doufu" folder in "Doufu" target */ = {
			isa = PBXFileSystemSynchronizedBuildFileExceptionSet;
			membershipExceptions = (
				Info.plist,
			);
			target = 450D41DF2F40B7430025E0BB /* Doufu */;
		};
/* End PBXFileSystemSynchronizedBuildFileExceptionSet section */

/* Begin PBXFileSystemSynchronizedRootGroup section */
		450D41E22F40B7430025E0BB /* Doufu */ = {
			isa = PBXFileSystemSynchronizedRootGroup;
			exceptions = (
				450D41F22F40B7440025E0BB /* Exceptions for "Doufu" folder in "Doufu" target */,
			);
			path = Doufu;
			sourceTree = "<group>";
		};
/* End PBXFileSystemSynchronizedRootGroup section */

/* Begin PBXFrameworksBuildPhase section */
		450D41DD2F40B7430025E0BB /* Frameworks */ = {
			isa = PBXFrameworksBuildPhase;
			buildActionMask = 2147483647;
			files = (
				148639B52F6649920029C2BA /* WebRTC in Frameworks */,
				14A5BA102F5D65D200758F69 /* Markdown in Frameworks */,
				14A5B8432F5D305000758F69 /* SwiftGitX in Frameworks */,
				14B7E4342F5A8AB200BB3324 /* Runestone in Frameworks */,
				14B7E5492F5AB2C100BB3324 /* TreeSitterCSSRunestone in Frameworks */,
				14B7E5482F5AB2C100BB3324 /* TreeSitterHTMLRunestone in Frameworks */,
				1425EA302F644A84009A38B0 /* GRDB in Frameworks */,
				14B7E5442F5AB2C100BB3324 /* TreeSitterJavaScriptRunestone in Frameworks */,
				14B7E5472F5AB2C100BB3324 /* TreeSitterJSONRunestone in Frameworks */,
				14B7E5612F5AB2C100BB3324 /* TreeSitterMarkdownRunestone in Frameworks */,
				14B7E5622F5AB2C100BB3324 /* TreeSitterSwiftRunestone in Frameworks */,
				14B7E5462F5AB2C100BB3324 /* TreeSitterTSXRunestone in Frameworks */,
				14B7E5452F5AB2C100BB3324 /* TreeSitterTypeScriptRunestone in Frameworks */,
				1425E85D2F62DF77009A38B0 /* AppInfo in Frameworks */,
			);
			runOnlyForDeploymentPostprocessing = 0;
		};
		59AB69B1D4D140C387A0D5C8 /* Frameworks */ = {
			isa = PBXFrameworksBuildPhase;
			buildActionMask = 2147483647;
			files = (
				337080BA27868A1192D105F8 /* Foundation.framework in Frameworks */,
			);
			runOnlyForDeploymentPostprocessing = 0;
		};
/* End PBXFrameworksBuildPhase section */

/* Begin PBXGroup section */
		427B666A83FA291ED907DF1D /* DoufuTests */ = {
			isa = PBXGroup;
			children = (
				1FACF42D50224C986996F5C7 /* IndexedDBShimTests.swift */,
				D0FDB1234567890A /* DoufuDbAPITests.swift */,
			);
			path = DoufuTests;
			sourceTree = "<group>";
		};
		450D41D72F40B7430025E0BB = {
			isa = PBXGroup;
			children = (
				450D41E22F40B7430025E0BB /* Doufu */,
				450D41E12F40B7430025E0BB /* Products */,
				CEBB07AFADC5429EA449250A /* Frameworks */,
				427B666A83FA291ED907DF1D /* DoufuTests */,
			);
			sourceTree = "<group>";
		};
		450D41E12F40B7430025E0BB /* Products */ = {
			isa = PBXGroup;
			children = (
				450D41E02F40B7430025E0BB /* Doufu.app */,
				CFB4F7CBB440E654D0D8A993 /* DoufuTests.xctest */,
			);
			name = Products;
			sourceTree = "<group>";
		};
		BBD3F4ED3E48E6A7CF6C798C /* iOS */ = {
			isa = PBXGroup;
			children = (
				D1965CC88DACDE03D200C85F /* Foundation.framework */,
			);
			name = iOS;
			sourceTree = "<group>";
		};
		CEBB07AFADC5429EA449250A /* Frameworks */ = {
			isa = PBXGroup;
			children = (
				BBD3F4ED3E48E6A7CF6C798C /* iOS */,
			);
			name = Frameworks;
			sourceTree = "<group>";
		};
/* End PBXGroup section */

/* Begin PBXNativeTarget section */
		34B21FBFCF468BEE67249080 /* DoufuTests */ = {
			isa = PBXNativeTarget;
			buildConfigurationList = 0A32BEB9178E24FFAD0F1E1A /* Build configuration list for PBXNativeTarget "DoufuTests" */;
			buildPhases = (
				8D4AB1F0BF3788C7D7D3B32B /* Sources */,
				59AB69B1D4D140C387A0D5C8 /* Frameworks */,
				91B7CCEB26DA3FF59558A24A /* Resources */,
			);
			buildRules = (
			);
			dependencies = (
				D86DE7A3C77D8B20E33EA995 /* PBXTargetDependency */,
			);
			name = DoufuTests;
			productName = DoufuTests;
			productReference = CFB4F7CBB440E654D0D8A993 /* DoufuTests.xctest */;
			productType = "com.apple.product-type.bundle.unit-test";
		};
		450D41DF2F40B7430025E0BB /* Doufu */ = {
			isa = PBXNativeTarget;
			buildConfigurationList = 450D41F32F40B7440025E0BB /* Build configuration list for PBXNativeTarget "Doufu" */;
			buildPhases = (
				450D41DC2F40B7430025E0BB /* Sources */,
				450D41DD2F40B7430025E0BB /* Frameworks */,
				450D41DE2F40B7430025E0BB /* Resources */,
			);
			buildRules = (
			);
			dependencies = (
			);
			fileSystemSynchronizedGroups = (
				450D41E22F40B7430025E0BB /* Doufu */,
			);
			name = Doufu;
			packageProductDependencies = (
				14C0A0022F5CC00000AA1001 /* SwiftGitX */,
				14B7E4332F5A8AB200BB3324 /* Runestone */,
				14B7E54F2F5AB2C100BB3324 /* TreeSitterCSSRunestone */,
				14B7E54E2F5AB2C100BB3324 /* TreeSitterHTMLRunestone */,
				14B7E54A2F5AB2C100BB3324 /* TreeSitterJavaScriptRunestone */,
				14B7E54D2F5AB2C100BB3324 /* TreeSitterJSONRunestone */,
				14B7E5602F5AB2C100BB3324 /* TreeSitterMarkdownRunestone */,
				14B7E5632F5AB2C100BB3324 /* TreeSitterSwiftRunestone */,
				14B7E54C2F5AB2C100BB3324 /* TreeSitterTSXRunestone */,
				14B7E54B2F5AB2C100BB3324 /* TreeSitterTypeScriptRunestone */,
				14D0MD022F5D000000AA2002 /* Markdown */,
				1425E85C2F62DF77009A38B0 /* AppInfo */,
				1425EA2F2F644A84009A38B0 /* GRDB */,
				14A0BC022F75000000AA3002 /* WebRTC */,
			);
			productName = Doufu;
			productReference = 450D41E02F40B7430025E0BB /* Doufu.app */;
			productType = "com.apple.product-type.application";
		};
/* End PBXNativeTarget section */

/* Begin PBXProject section */
		450D41D82F40B7430025E0BB /* Project object */ = {
			isa = PBXProject;
			attributes = {
				BuildIndependentTargetsInParallel = 1;
				LastSwiftUpdateCheck = 2600;
				LastUpgradeCheck = 2630;
				TargetAttributes = {
					450D41DF2F40B7430025E0BB = {
						CreatedOnToolsVersion = 26.0.1;
					};
				};
			};
			buildConfigurationList = 450D41DB2F40B7430025E0BB /* Build configuration list for PBXProject "Doufu" */;
			developmentRegion = en;
			hasScannedForEncodings = 0;
			knownRegions = (
				en,
				Base,
				"zh-Hans",
				"zh-HK",
				"zh-Hant",
			);
			mainGroup = 450D41D72F40B7430025E0BB;
			minimizedProjectReferenceProxies = 1;
			packageReferences = (
				14B7E4322F5A8AB200BB3324 /* XCRemoteSwiftPackageReference "Runestone" */,
				14B7E5642F5AB2C100BB3324 /* XCRemoteSwiftPackageReference "TreeSitterLanguages" */,
				14C0A0012F5CC00000AA1001 /* XCRemoteSwiftPackageReference "SwiftGitX" */,
				14D0MD012F5D000000AA2002 /* XCRemoteSwiftPackageReference "swift-markdown" */,
				1425E85B2F62DF77009A38B0 /* XCRemoteSwiftPackageReference "AppInfo" */,
				1425EA2E2F644A83009A38B0 /* XCRemoteSwiftPackageReference "GRDB" */,
				14A0BC012F75000000AA3001 /* XCRemoteSwiftPackageReference "WebRTC" */,
			);
			preferredProjectObjectVersion = 77;
			productRefGroup = 450D41E12F40B7430025E0BB /* Products */;
			projectDirPath = "";
			projectRoot = "";
			targets = (
				450D41DF2F40B7430025E0BB /* Doufu */,
				34B21FBFCF468BEE67249080 /* DoufuTests */,
			);
		};
/* End PBXProject section */

/* Begin PBXResourcesBuildPhase section */
		450D41DE2F40B7430025E0BB /* Resources */ = {
			isa = PBXResourcesBuildPhase;
			buildActionMask = 2147483647;
			files = (
			);
			runOnlyForDeploymentPostprocessing = 0;
		};
		91B7CCEB26DA3FF59558A24A /* Resources */ = {
			isa = PBXResourcesBuildPhase;
			buildActionMask = 2147483647;
			files = (
			);
			runOnlyForDeploymentPostprocessing = 0;
		};
/* End PBXResourcesBuildPhase section */

/* Begin PBXSourcesBuildPhase section */
		450D41DC2F40B7430025E0BB /* Sources */ = {
			isa = PBXSourcesBuildPhase;
			buildActionMask = 2147483647;
			files = (
			);
			runOnlyForDeploymentPostprocessing = 0;
		};
		8D4AB1F0BF3788C7D7D3B32B /* Sources */ = {
			isa = PBXSourcesBuildPhase;
			buildActionMask = 2147483647;
			files = (
				E82F6FE04B4364C8645479E1 /* IndexedDBShimTests.swift in Sources */,
				D0FDB1234567890B /* DoufuDbAPITests.swift in Sources */,
			);
			runOnlyForDeploymentPostprocessing = 0;
		};
/* End PBXSourcesBuildPhase section */

/* Begin PBXTargetDependency section */
		D86DE7A3C77D8B20E33EA995 /* PBXTargetDependency */ = {
			isa = PBXTargetDependency;
			name = Doufu;
			target = 450D41DF2F40B7430025E0BB /* Doufu */;
			targetProxy = 395F1F11EBC554CBD83B5F5F /* PBXContainerItemProxy */;
		};
/* End PBXTargetDependency section */

/* Begin XCBuildConfiguration section */
		450D41F42F40B7440025E0BB /* Debug */ = {
			isa = XCBuildConfiguration;
			buildSettings = {
				ASSETCATALOG_COMPILER_APPICON_NAME = AppIcon;
				ASSETCATALOG_COMPILER_GLOBAL_ACCENT_COLOR_NAME = AccentColor;
				CODE_SIGN_STYLE = Automatic;
				CURRENT_PROJECT_VERSION = 1;
				DEVELOPMENT_TEAM = KKQQQNKMM6;
				GENERATE_INFOPLIST_FILE = YES;
				INFOPLIST_FILE = Doufu/Info.plist;
				INFOPLIST_KEY_ITSAppUsesNonExemptEncryption = NO;
				INFOPLIST_KEY_LSApplicationCategoryType = "public.app-category.developer-tools";
				INFOPLIST_KEY_UIApplicationSupportsIndirectInputEvents = YES;
				INFOPLIST_KEY_UILaunchStoryboardName = LaunchScreen;
				INFOPLIST_KEY_UISupportedInterfaceOrientations_iPad = "UIInterfaceOrientationPortrait UIInterfaceOrientationPortraitUpsideDown UIInterfaceOrientationLandscapeLeft UIInterfaceOrientationLandscapeRight";
				INFOPLIST_KEY_UISupportedInterfaceOrientations_iPhone = "UIInterfaceOrientationPortrait UIInterfaceOrientationLandscapeLeft UIInterfaceOrientationLandscapeRight";
				LD_RUNPATH_SEARCH_PATHS = (
					"$(inherited)",
					"@executable_path/Frameworks",
				);
				MARKETING_VERSION = 0.0.2;
				PRODUCT_BUNDLE_IDENTIFIER = com.zizicici.doufu;
				PRODUCT_NAME = "$(TARGET_NAME)";
				STRING_CATALOG_GENERATE_SYMBOLS = YES;
				SUPPORTED_PLATFORMS = "iphoneos iphonesimulator";
				SUPPORTS_MACCATALYST = NO;
				SUPPORTS_MAC_DESIGNED_FOR_IPHONE_IPAD = YES;
				SUPPORTS_XR_DESIGNED_FOR_IPHONE_IPAD = YES;
				SWIFT_APPROACHABLE_CONCURRENCY = YES;
				SWIFT_DEFAULT_ACTOR_ISOLATION = MainActor;
				SWIFT_EMIT_LOC_STRINGS = YES;
				SWIFT_UPCOMING_FEATURE_MEMBER_IMPORT_VISIBILITY = YES;
				SWIFT_VERSION = 5.0;
				TARGETED_DEVICE_FAMILY = "1,2";
			};
			name = Debug;
		};
		450D41F52F40B7440025E0BB /* Release */ = {
			isa = XCBuildConfiguration;
			buildSettings = {
				ASSETCATALOG_COMPILER_APPICON_NAME = AppIcon;
				ASSETCATALOG_COMPILER_GLOBAL_ACCENT_COLOR_NAME = AccentColor;
				CODE_SIGN_STYLE = Automatic;
				CURRENT_PROJECT_VERSION = 1;
				DEVELOPMENT_TEAM = KKQQQNKMM6;
				GENERATE_INFOPLIST_FILE = YES;
				INFOPLIST_FILE = Doufu/Info.plist;
				INFOPLIST_KEY_ITSAppUsesNonExemptEncryption = NO;
				INFOPLIST_KEY_LSApplicationCategoryType = "public.app-category.developer-tools";
				INFOPLIST_KEY_UIApplicationSupportsIndirectInputEvents = YES;
				INFOPLIST_KEY_UILaunchStoryboardName = LaunchScreen;
				INFOPLIST_KEY_UISupportedInterfaceOrientations_iPad = "UIInterfaceOrientationPortrait UIInterfaceOrientationPortraitUpsideDown UIInterfaceOrientationLandscapeLeft UIInterfaceOrientationLandscapeRight";
				INFOPLIST_KEY_UISupportedInterfaceOrientations_iPhone = "UIInterfaceOrientationPortrait UIInterfaceOrientationLandscapeLeft UIInterfaceOrientationLandscapeRight";
				LD_RUNPATH_SEARCH_PATHS = (
					"$(inherited)",
					"@executable_path/Frameworks",
				);
				MARKETING_VERSION = 0.0.2;
				PRODUCT_BUNDLE_IDENTIFIER = com.zizicici.doufu;
				PRODUCT_NAME = "$(TARGET_NAME)";
				STRING_CATALOG_GENERATE_SYMBOLS = YES;
				SUPPORTED_PLATFORMS = "iphoneos iphonesimulator";
				SUPPORTS_MACCATALYST = NO;
				SUPPORTS_MAC_DESIGNED_FOR_IPHONE_IPAD = YES;
				SUPPORTS_XR_DESIGNED_FOR_IPHONE_IPAD = YES;
				SWIFT_APPROACHABLE_CONCURRENCY = YES;
				SWIFT_DEFAULT_ACTOR_ISOLATION = MainActor;
				SWIFT_EMIT_LOC_STRINGS = YES;
				SWIFT_UPCOMING_FEATURE_MEMBER_IMPORT_VISIBILITY = YES;
				SWIFT_VERSION = 5.0;
				TARGETED_DEVICE_FAMILY = "1,2";
			};
			name = Release;
		};
		450D41F62F40B7440025E0BB /* Debug */ = {
			isa = XCBuildConfiguration;
			buildSettings = {
				ALWAYS_SEARCH_USER_PATHS = NO;
				ASSETCATALOG_COMPILER_GENERATE_SWIFT_ASSET_SYMBOL_EXTENSIONS = YES;
				CLANG_ANALYZER_LOCALIZABILITY_NONLOCALIZED = YES;
				CLANG_ANALYZER_NONNULL = YES;
				CLANG_ANALYZER_NUMBER_OBJECT_CONVERSION = YES_AGGRESSIVE;
				CLANG_CXX_LANGUAGE_STANDARD = "gnu++20";
				CLANG_ENABLE_MODULES = YES;
				CLANG_ENABLE_OBJC_ARC = YES;
				CLANG_ENABLE_OBJC_WEAK = YES;
				CLANG_WARN_BLOCK_CAPTURE_AUTORELEASING = YES;
				CLANG_WARN_BOOL_CONVERSION = YES;
				CLANG_WARN_COMMA = YES;
				CLANG_WARN_CONSTANT_CONVERSION = YES;
				CLANG_WARN_DEPRECATED_OBJC_IMPLEMENTATIONS = YES;
				CLANG_WARN_DIRECT_OBJC_ISA_USAGE = YES_ERROR;
				CLANG_WARN_DOCUMENTATION_COMMENTS = YES;
				CLANG_WARN_EMPTY_BODY = YES;
				CLANG_WARN_ENUM_CONVERSION = YES;
				CLANG_WARN_INFINITE_RECURSION = YES;
				CLANG_WARN_INT_CONVERSION = YES;
				CLANG_WARN_NON_LITERAL_NULL_CONVERSION = YES;
				CLANG_WARN_OBJC_IMPLICIT_RETAIN_SELF = YES;
				CLANG_WARN_OBJC_LITERAL_CONVERSION = YES;
				CLANG_WARN_OBJC_ROOT_CLASS = YES_ERROR;
				CLANG_WARN_QUOTED_INCLUDE_IN_FRAMEWORK_HEADER = YES;
				CLANG_WARN_RANGE_LOOP_ANALYSIS = YES;
				CLANG_WARN_STRICT_PROTOTYPES = YES;
				CLANG_WARN_SUSPICIOUS_MOVE = YES;
				CLANG_WARN_UNGUARDED_AVAILABILITY = YES_AGGRESSIVE;
				CLANG_WARN_UNREACHABLE_CODE = YES;
				CLANG_WARN__DUPLICATE_METHOD_MATCH = YES;
				COPY_PHASE_STRIP = NO;
				DEBUG_INFORMATION_FORMAT = dwarf;
				DEVELOPMENT_TEAM = KKQQQNKMM6;
				ENABLE_STRICT_OBJC_MSGSEND = YES;
				ENABLE_TESTABILITY = YES;
				ENABLE_USER_SCRIPT_SANDBOXING = YES;
				GCC_C_LANGUAGE_STANDARD = gnu17;
				GCC_DYNAMIC_NO_PIC = NO;
				GCC_NO_COMMON_BLOCKS = YES;
				GCC_OPTIMIZATION_LEVEL = 0;
				GCC_PREPROCESSOR_DEFINITIONS = (
					"DEBUG=1",
					"$(inherited)",
				);
				GCC_WARN_64_TO_32_BIT_CONVERSION = YES;
				GCC_WARN_ABOUT_RETURN_TYPE = YES_ERROR;
				GCC_WARN_UNDECLARED_SELECTOR = YES;
				GCC_WARN_UNINITIALIZED_AUTOS = YES_AGGRESSIVE;
				GCC_WARN_UNUSED_FUNCTION = YES;
				GCC_WARN_UNUSED_VARIABLE = YES;
				IPHONEOS_DEPLOYMENT_TARGET = 26.0;
				LOCALIZATION_PREFERS_STRING_CATALOGS = YES;
				MTL_ENABLE_DEBUG_INFO = INCLUDE_SOURCE;
				MTL_FAST_MATH = YES;
				ONLY_ACTIVE_ARCH = YES;
				SDKROOT = iphoneos;
				STRING_CATALOG_GENERATE_SYMBOLS = YES;
				SWIFT_ACTIVE_COMPILATION_CONDITIONS = "DEBUG $(inherited)";
				SWIFT_EMIT_LOC_STRINGS = YES;
				SWIFT_OPTIMIZATION_LEVEL = "-Onone";
			};
			name = Debug;
		};
		450D41F72F40B7440025E0BB /* Release */ = {
			isa = XCBuildConfiguration;
			buildSettings = {
				ALWAYS_SEARCH_USER_PATHS = NO;
				ASSETCATALOG_COMPILER_GENERATE_SWIFT_ASSET_SYMBOL_EXTENSIONS = YES;
				CLANG_ANALYZER_LOCALIZABILITY_NONLOCALIZED = YES;
				CLANG_ANALYZER_NONNULL = YES;
				CLANG_ANALYZER_NUMBER_OBJECT_CONVERSION = YES_AGGRESSIVE;
				CLANG_CXX_LANGUAGE_STANDARD = "gnu++20";
				CLANG_ENABLE_MODULES = YES;
				CLANG_ENABLE_OBJC_ARC = YES;
				CLANG_ENABLE_OBJC_WEAK = YES;
				CLANG_WARN_BLOCK_CAPTURE_AUTORELEASING = YES;
				CLANG_WARN_BOOL_CONVERSION = YES;
				CLANG_WARN_COMMA = YES;
				CLANG_WARN_CONSTANT_CONVERSION = YES;
				CLANG_WARN_DEPRECATED_OBJC_IMPLEMENTATIONS = YES;
				CLANG_WARN_DIRECT_OBJC_ISA_USAGE = YES_ERROR;
				CLANG_WARN_DOCUMENTATION_COMMENTS = YES;
				CLANG_WARN_EMPTY_BODY = YES;
				CLANG_WARN_ENUM_CONVERSION = YES;
				CLANG_WARN_INFINITE_RECURSION = YES;
				CLANG_WARN_INT_CONVERSION = YES;
				CLANG_WARN_NON_LITERAL_NULL_CONVERSION = YES;
				CLANG_WARN_OBJC_IMPLICIT_RETAIN_SELF = YES;
				CLANG_WARN_OBJC_LITERAL_CONVERSION = YES;
				CLANG_WARN_OBJC_ROOT_CLASS = YES_ERROR;
				CLANG_WARN_QUOTED_INCLUDE_IN_FRAMEWORK_HEADER = YES;
				CLANG_WARN_RANGE_LOOP_ANALYSIS = YES;
				CLANG_WARN_STRICT_PROTOTYPES = YES;
				CLANG_WARN_SUSPICIOUS_MOVE = YES;
				CLANG_WARN_UNGUARDED_AVAILABILITY = YES_AGGRESSIVE;
				CLANG_WARN_UNREACHABLE_CODE = YES;
				CLANG_WARN__DUPLICATE_METHOD_MATCH = YES;
				COPY_PHASE_STRIP = NO;
				DEBUG_INFORMATION_FORMAT = "dwarf-with-dsym";
				DEVELOPMENT_TEAM = KKQQQNKMM6;
				ENABLE_NS_ASSERTIONS = NO;
				ENABLE_STRICT_OBJC_MSGSEND = YES;
				ENABLE_USER_SCRIPT_SANDBOXING = YES;
				GCC_C_LANGUAGE_STANDARD = gnu17;
				GCC_NO_COMMON_BLOCKS = YES;
				GCC_WARN_64_TO_32_BIT_CONVERSION = YES;
				GCC_WARN_ABOUT_RETURN_TYPE = YES_ERROR;
				GCC_WARN_UNDECLARED_SELECTOR = YES;
				GCC_WARN_UNINITIALIZED_AUTOS = YES_AGGRESSIVE;
				GCC_WARN_UNUSED_FUNCTION = YES;
				GCC_WARN_UNUSED_VARIABLE = YES;
				IPHONEOS_DEPLOYMENT_TARGET = 26.0;
				LOCALIZATION_PREFERS_STRING_CATALOGS = YES;
				MTL_ENABLE_DEBUG_INFO = NO;
				MTL_FAST_MATH = YES;
				SDKROOT = iphoneos;
				STRING_CATALOG_GENERATE_SYMBOLS = YES;
				SWIFT_COMPILATION_MODE = wholemodule;
				SWIFT_EMIT_LOC_STRINGS = YES;
				VALIDATE_PRODUCT = YES;
			};
			name = Release;
		};
		6AE5E08724EC7345AED9CBB3 /* Release */ = {
			isa = XCBuildConfiguration;
			buildSettings = {
				BUNDLE_LOADER = "$(TEST_HOST)";
				CLANG_ENABLE_OBJC_WEAK = NO;
				GENERATE_INFOPLIST_FILE = YES;
				IPHONEOS_DEPLOYMENT_TARGET = 18.0;
				PRODUCT_BUNDLE_IDENTIFIER = com.doufu.DoufuTests;
				PRODUCT_NAME = DoufuTests;
				SDKROOT = iphoneos;
				SWIFT_VERSION = 6.0;
				TEST_HOST = "$(BUILT_PRODUCTS_DIR)/Doufu.app/$(BUNDLE_EXECUTABLE_FOLDER_PATH)/Doufu";
				VALIDATE_PRODUCT = YES;
			};
			name = Release;
		};
		732DD9CD29898842538D9400 /* Debug */ = {
			isa = XCBuildConfiguration;
			buildSettings = {
				BUNDLE_LOADER = "$(TEST_HOST)";
				CLANG_ENABLE_OBJC_WEAK = NO;
				GENERATE_INFOPLIST_FILE = YES;
				IPHONEOS_DEPLOYMENT_TARGET = 18.0;
				PRODUCT_BUNDLE_IDENTIFIER = com.doufu.DoufuTests;
				PRODUCT_NAME = DoufuTests;
				SDKROOT = iphoneos;
				SWIFT_VERSION = 6.0;
				TEST_HOST = "$(BUILT_PRODUCTS_DIR)/Doufu.app/$(BUNDLE_EXECUTABLE_FOLDER_PATH)/Doufu";
			};
			name = Debug;
		};
/* End XCBuildConfiguration section */

/* Begin XCConfigurationList section */
		0A32BEB9178E24FFAD0F1E1A /* Build configuration list for PBXNativeTarget "DoufuTests" */ = {
			isa = XCConfigurationList;
			buildConfigurations = (
				6AE5E08724EC7345AED9CBB3 /* Release */,
				732DD9CD29898842538D9400 /* Debug */,
			);
			defaultConfigurationIsVisible = 0;
			defaultConfigurationName = Release;
		};
		450D41DB2F40B7430025E0BB /* Build configuration list for PBXProject "Doufu" */ = {
			isa = XCConfigurationList;
			buildConfigurations = (
				450D41F62F40B7440025E0BB /* Debug */,
				450D41F72F40B7440025E0BB /* Release */,
			);
			defaultConfigurationIsVisible = 0;
			defaultConfigurationName = Release;
		};
		450D41F32F40B7440025E0BB /* Build configuration list for PBXNativeTarget "Doufu" */ = {
			isa = XCConfigurationList;
			buildConfigurations = (
				450D41F42F40B7440025E0BB /* Debug */,
				450D41F52F40B7440025E0BB /* Release */,
			);
			defaultConfigurationIsVisible = 0;
			defaultConfigurationName = Release;
		};
/* End XCConfigurationList section */

/* Begin XCRemoteSwiftPackageReference section */
		1425E85B2F62DF77009A38B0 /* XCRemoteSwiftPackageReference "AppInfo" */ = {
			isa = XCRemoteSwiftPackageReference;
			repositoryURL = "https://github.com/zizicici/AppInfo";
			requirement = {
				kind = upToNextMajorVersion;
				minimumVersion = 1.3.0;
			};
		};
		1425EA2E2F644A83009A38B0 /* XCRemoteSwiftPackageReference "GRDB" */ = {
			isa = XCRemoteSwiftPackageReference;
			repositoryURL = "https://github.com/groue/GRDB.swift";
			requirement = {
				kind = upToNextMajorVersion;
				minimumVersion = 7.10.0;
			};
		};
		14A0BC012F75000000AA3001 /* XCRemoteSwiftPackageReference "WebRTC" */ = {
			isa = XCRemoteSwiftPackageReference;
			repositoryURL = "https://github.com/stasel/WebRTC.git";
			requirement = {
				kind = upToNextMajorVersion;
				minimumVersion = 130.0.0;
			};
		};
		14B7E4322F5A8AB200BB3324 /* XCRemoteSwiftPackageReference "Runestone" */ = {
			isa = XCRemoteSwiftPackageReference;
			repositoryURL = "https://github.com/simonbs/Runestone.git";
			requirement = {
				kind = upToNextMajorVersion;
				minimumVersion = 0.5.1;
			};
		};
		14B7E5642F5AB2C100BB3324 /* XCRemoteSwiftPackageReference "TreeSitterLanguages" */ = {
			isa = XCRemoteSwiftPackageReference;
			repositoryURL = "https://github.com/simonbs/TreeSitterLanguages.git";
			requirement = {
				kind = upToNextMajorVersion;
				minimumVersion = 0.1.10;
			};
		};
		14C0A0012F5CC00000AA1001 /* XCRemoteSwiftPackageReference "SwiftGitX" */ = {
			isa = XCRemoteSwiftPackageReference;
			repositoryURL = "https://github.com/ibrahimcetin/SwiftGitX.git";
			requirement = {
				kind = upToNextMinorVersion;
				minimumVersion = 0.4.0;
			};
		};
		14D0MD012F5D000000AA2002 /* XCRemoteSwiftPackageReference "swift-markdown" */ = {
			isa = XCRemoteSwiftPackageReference;
			repositoryURL = "https://github.com/apple/swift-markdown.git";
			requirement = {
				kind = upToNextMajorVersion;
				minimumVersion = 0.5.0;
			};
		};
/* End XCRemoteSwiftPackageReference section */

/* Begin XCSwiftPackageProductDependency section */
		1425E85C2F62DF77009A38B0 /* AppInfo */ = {
			isa = XCSwiftPackageProductDependency;
			package = 1425E85B2F62DF77009A38B0 /* XCRemoteSwiftPackageReference "AppInfo" */;
			productName = AppInfo;
		};
		1425EA2F2F644A84009A38B0 /* GRDB */ = {
			isa = XCSwiftPackageProductDependency;
			package = 1425EA2E2F644A83009A38B0 /* XCRemoteSwiftPackageReference "GRDB" */;
			productName = GRDB;
		};
		14A0BC022F75000000AA3002 /* WebRTC */ = {
			isa = XCSwiftPackageProductDependency;
			package = 14A0BC012F75000000AA3001 /* XCRemoteSwiftPackageReference "WebRTC" */;
			productName = WebRTC;
		};
		14B7E4332F5A8AB200BB3324 /* Runestone */ = {
			isa = XCSwiftPackageProductDependency;
			package = 14B7E4322F5A8AB200BB3324 /* XCRemoteSwiftPackageReference "Runestone" */;
			productName = Runestone;
		};
		14B7E54A2F5AB2C100BB3324 /* TreeSitterJavaScriptRunestone */ = {
			isa = XCSwiftPackageProductDependency;
			package = 14B7E5642F5AB2C100BB3324 /* XCRemoteSwiftPackageReference "TreeSitterLanguages" */;
			productName = TreeSitterJavaScriptRunestone;
		};
		14B7E54B2F5AB2C100BB3324 /* TreeSitterTypeScriptRunestone */ = {
			isa = XCSwiftPackageProductDependency;
			package = 14B7E5642F5AB2C100BB3324 /* XCRemoteSwiftPackageReference "TreeSitterLanguages" */;
			productName = TreeSitterTypeScriptRunestone;
		};
		14B7E54C2F5AB2C100BB3324 /* TreeSitterTSXRunestone */ = {
			isa = XCSwiftPackageProductDependency;
			package = 14B7E5642F5AB2C100BB3324 /* XCRemoteSwiftPackageReference "TreeSitterLanguages" */;
			productName = TreeSitterTSXRunestone;
		};
		14B7E54D2F5AB2C100BB3324 /* TreeSitterJSONRunestone */ = {
			isa = XCSwiftPackageProductDependency;
			package = 14B7E5642F5AB2C100BB3324 /* XCRemoteSwiftPackageReference "TreeSitterLanguages" */;
			productName = TreeSitterJSONRunestone;
		};
		14B7E54E2F5AB2C100BB3324 /* TreeSitterHTMLRunestone */ = {
			isa = XCSwiftPackageProductDependency;
			package = 14B7E5642F5AB2C100BB3324 /* XCRemoteSwiftPackageReference "TreeSitterLanguages" */;
			productName = TreeSitterHTMLRunestone;
		};
		14B7E54F2F5AB2C100BB3324 /* TreeSitterCSSRunestone */ = {
			isa = XCSwiftPackageProductDependency;
			package = 14B7E5642F5AB2C100BB3324 /* XCRemoteSwiftPackageReference "TreeSitterLanguages" */;
			productName = TreeSitterCSSRunestone;
		};
		14B7E5602F5AB2C100BB3324 /* TreeSitterMarkdownRunestone */ = {
			isa = XCSwiftPackageProductDependency;
			package = 14B7E5642F5AB2C100BB3324 /* XCRemoteSwiftPackageReference "TreeSitterLanguages" */;
			productName = TreeSitterMarkdownRunestone;
		};
		14B7E5632F5AB2C100BB3324 /* TreeSitterSwiftRunestone */ = {
			isa = XCSwiftPackageProductDependency;
			package = 14B7E5642F5AB2C100BB3324 /* XCRemoteSwiftPackageReference "TreeSitterLanguages" */;
			productName = TreeSitterSwiftRunestone;
		};
		14C0A0022F5CC00000AA1001 /* SwiftGitX */ = {
			isa = XCSwiftPackageProductDependency;
			package = 14C0A0012F5CC00000AA1001 /* XCRemoteSwiftPackageReference "SwiftGitX" */;
			productName = SwiftGitX;
		};
		14D0MD022F5D000000AA2002 /* Markdown */ = {
			isa = XCSwiftPackageProductDependency;
			package = 14D0MD012F5D000000AA2002 /* XCRemoteSwiftPackageReference "swift-markdown" */;
			productName = Markdown;
		};
/* End XCSwiftPackageProductDependency section */
	};
	rootObject = 450D41D82F40B7430025E0BB /* Project object */;
}
